
Microsoft Visual Studio Solution File, Format Version 12.00
# Visual Studio 14
VisualStudioVersion = 14.0.25420.1
MinimumVisualStudioVersion = 10.0.40219.1
Project("{FAE04EC0-301F-11D3-BF4B-00C04F79EFBC}") = "DetermineOutput", "DetermineOutput\DetermineOutput.csproj", "{0EF88F32-CBB8-4D37-B826-5FED520C8B50}"
EndProject
Project("{FAE04EC0-301F-11D3-BF4B-00C04F79EFBC}") = "WriteAlgorithm", "WriteAlgorithm\WriteAlgorithm.csproj", "{96D37E11-0B9A-4956-A275-7AEF54754733}"
EndProject
Project("{FAE04EC0-301F-11D3-BF4B-00C04F79EFBC}") = "Debugging", "Debugging\Debugging.csproj", "{85B2CC99-D537-4829-A80D-7794FFAAE9AC}"
EndProject
Global
	GlobalSection(SolutionConfigurationPlatforms) = preSolution
		Debug|Any CPU = Debug|Any CPU
		Release|Any CPU = Release|Any CPU
	EndGlobalSection
	GlobalSection(ProjectConfigurationPlatforms) = postSolution
		{0EF88F32-CBB8-4D37-B826-5FED520C8B50}.Debug|Any CPU.ActiveCfg = Debug|Any CPU
		{0EF88F32-CBB8-4D37-B826-5FED520C8B50}.Debug|Any CPU.Build.0 = Debug|Any CPU
		{0EF88F32-CBB8-4D37-B826-5FED520C8B50}.Release|Any CPU.ActiveCfg = Release|Any CPU
		{0EF88F32-CBB8-4D37-B826-5FED520C8B50}.Release|Any CPU.Build.0 = Release|Any CPU
		{96D37E11-0B9A-4956-A275-7AEF54754733}.Debug|Any CPU.ActiveCfg = Debug|Any CPU
		{96D37E11-0B9A-4956-A275-7AEF54754733}.Debug|Any CPU.Build.0 = Debug|Any CPU
		{96D37E11-0B9A-4956-A275-7AEF54754733}.Release|Any CPU.ActiveCfg = Release|Any CPU
		{96D37E11-0B9A-4956-A275-7AEF54754733}.Release|Any CPU.Build.0 = Release|Any CPU
		{85B2CC99-D537-4829-A80D-7794FFAAE9AC}.Debug|Any CPU.ActiveCfg = Debug|Any CPU
		{85B2CC99-D537-4829-A80D-7794FFAAE9AC}.Debug|Any CPU.Build.0 = Debug|Any CPU
		{85B2CC99-D537-4829-A80D-7794FFAAE9AC}.Release|Any CPU.ActiveCfg = Release|Any CPU
		{85B2CC99-D537-4829-A80D-7794FFAAE9AC}.Release|Any CPU.Build.0 = Release|Any CPU
	EndGlobalSection
	GlobalSection(SolutionProperties) = preSolution
		HideSolutionNode = FALSE
	EndGlobalSection
EndGlobal
